
Microsoft Visual Studio Solution File, Format Version 12.00
# Visual Studio Version 17
VisualStudioVersion = 17.1.32210.238
MinimumVisualStudioVersion = 10.0.40219.1
Project("{9A19103F-16F7-4668-BE54-9A1E7A4F7556}") = "Lab2", "Lab2\Lab2.csproj", "{43FE4787-D28F-46DA-94EB-46BBF2F1F092}"
EndProject
Global
	GlobalSection(SolutionConfigurationPlatforms) = preSolution
		Debug|Any CPU = Debug|Any CPU
		Release|Any CPU = Release|Any CPU
	EndGlobalSection
	GlobalSection(ProjectConfigurationPlatforms) = postSolution
		{43FE4787-D28F-46DA-94EB-46BBF2F1F092}.Debug|Any CPU.ActiveCfg = Debug|Any CPU
		{43FE4787-D28F-46DA-94EB-46BBF2F1F092}.Debug|Any CPU.Build.0 = Debug|Any CPU
		{43FE4787-D28F-46DA-94EB-46BBF2F1F092}.Release|Any CPU.ActiveCfg = Release|Any CPU
		{43FE4787-D28F-46DA-94EB-46BBF2F1F092}.Release|Any CPU.Build.0 = Release|Any CPU
	EndGlobalSection
	GlobalSection(SolutionProperties) = preSolution
		HideSolutionNode = FALSE
	EndGlobalSection
	GlobalSection(ExtensibilityGlobals) = postSolution
		SolutionGuid = {F1901806-628C-4C6C-8FEA-C678CA4AAFAB}
	EndGlobalSection
EndGlobal
